
Microsoft Visual Studio Solution File, Format Version 12.00
# Visual Studio Version 16
VisualStudioVersion = 16.0.31129.286
MinimumVisualStudioVersion = 10.0.40219.1
Project("{FAE04EC0-301F-11D3-BF4B-00C04F79EFBC}") = "TaskList.Domain", "TaskList.Domain\TaskList.Domain.csproj", "{769E7460-FE9C-49C9-9B0D-A194D4E406F6}"
EndProject
Project("{FAE04EC0-301F-11D3-BF4B-00C04F79EFBC}") = "TaskList.Infrastructure", "TaskList.Infrastructure\TaskList.Infrastructure.csproj", "{974AA6A6-D353-4339-BAE6-2695D89DB691}"
EndProject
Project("{FAE04EC0-301F-11D3-BF4B-00C04F79EFBC}") = "TaskList.Services", "TaskList.Services\TaskList.Services.csproj", "{98C06200-4D3D-4921-938D-5FCE4DAAF6C0}"
EndProject
Project("{FAE04EC0-301F-11D3-BF4B-00C04F79EFBC}") = "TaskList.Web", "TaskList.Web\TaskList.Web.csproj", "{9CC67DD8-665F-4E48-830B-A7A4AA7EC58A}"
EndProject
Global
	GlobalSection(SolutionConfigurationPlatforms) = preSolution
		Debug|Any CPU = Debug|Any CPU
		Release|Any CPU = Release|Any CPU
	EndGlobalSection
	GlobalSection(ProjectConfigurationPlatforms) = postSolution
		{769E7460-FE9C-49C9-9B0D-A194D4E406F6}.Debug|Any CPU.ActiveCfg = Debug|Any CPU
		{769E7460-FE9C-49C9-9B0D-A194D4E406F6}.Debug|Any CPU.Build.0 = Debug|Any CPU
		{769E7460-FE9C-49C9-9B0D-A194D4E406F6}.Release|Any CPU.ActiveCfg = Release|Any CPU
		{769E7460-FE9C-49C9-9B0D-A194D4E406F6}.Release|Any CPU.Build.0 = Release|Any CPU
		{974AA6A6-D353-4339-BAE6-2695D89DB691}.Debug|Any CPU.ActiveCfg = Debug|Any CPU
		{974AA6A6-D353-4339-BAE6-2695D89DB691}.Debug|Any CPU.Build.0 = Debug|Any CPU
		{974AA6A6-D353-4339-BAE6-2695D89DB691}.Release|Any CPU.ActiveCfg = Release|Any CPU
		{974AA6A6-D353-4339-BAE6-2695D89DB691}.Release|Any CPU.Build.0 = Release|Any CPU
		{98C06200-4D3D-4921-938D-5FCE4DAAF6C0}.Debug|Any CPU.ActiveCfg = Debug|Any CPU
		{98C06200-4D3D-4921-938D-5FCE4DAAF6C0}.Debug|Any CPU.Build.0 = Debug|Any CPU
		{98C06200-4D3D-4921-938D-5FCE4DAAF6C0}.Release|Any CPU.ActiveCfg = Release|Any CPU
		{98C06200-4D3D-4921-938D-5FCE4DAAF6C0}.Release|Any CPU.Build.0 = Release|Any CPU
		{9CC67DD8-665F-4E48-830B-A7A4AA7EC58A}.Debug|Any CPU.ActiveCfg = Debug|Any CPU
		{9CC67DD8-665F-4E48-830B-A7A4AA7EC58A}.Debug|Any CPU.Build.0 = Debug|Any CPU
		{9CC67DD8-665F-4E48-830B-A7A4AA7EC58A}.Release|Any CPU.ActiveCfg = Release|Any CPU
		{9CC67DD8-665F-4E48-830B-A7A4AA7EC58A}.Release|Any CPU.Build.0 = Release|Any CPU
	EndGlobalSection
	GlobalSection(SolutionProperties) = preSolution
		HideSolutionNode = FALSE
	EndGlobalSection
	GlobalSection(ExtensibilityGlobals) = postSolution
		SolutionGuid = {6246E788-ABD2-4506-8B99-643F706A9327}
	EndGlobalSection
EndGlobal
