
Microsoft Visual Studio Solution File, Format Version 12.00
# Visual Studio Version 16
VisualStudioVersion = 16.0.31129.286
MinimumVisualStudioVersion = 10.0.40219.1
Project("{FAE04EC0-301F-11D3-BF4B-00C04F79EFBC}") = "Exercise1", "Exercise1.csproj", "{4DD85B19-BFCC-4DDA-8B1B-0299F542F509}"
EndProject
Global
	GlobalSection(SolutionConfigurationPlatforms) = preSolution
		Debug|Any CPU = Debug|Any CPU
		Release|Any CPU = Release|Any CPU
	EndGlobalSection
	GlobalSection(ProjectConfigurationPlatforms) = postSolution
		{4DD85B19-BFCC-4DDA-8B1B-0299F542F509}.Debug|Any CPU.ActiveCfg = Debug|Any CPU
		{4DD85B19-BFCC-4DDA-8B1B-0299F542F509}.Debug|Any CPU.Build.0 = Debug|Any CPU
		{4DD85B19-BFCC-4DDA-8B1B-0299F542F509}.Release|Any CPU.ActiveCfg = Release|Any CPU
		{4DD85B19-BFCC-4DDA-8B1B-0299F542F509}.Release|Any CPU.Build.0 = Release|Any CPU
	EndGlobalSection
	GlobalSection(SolutionProperties) = preSolution
		HideSolutionNode = FALSE
	EndGlobalSection
	GlobalSection(ExtensibilityGlobals) = postSolution
		SolutionGuid = {0699C96C-2F95-47BB-B115-D5C2DF43E467}
	EndGlobalSection
EndGlobal
